{
  "name": "design-project",
  "lockfileVersion": 2,
  "requires": true,
  "packages": {
    "": {
      "dependencies": {
        "createjs": "^1.0.1",
        "createjs-cmd": "^0.1.0",
        "createjs-npm": "^0.2.0",
        "script-loader": "^0.7.2",
        "uview-ui": "^2.0.31",
        "yuki-createjs": "^0.0.3"
      }
    },
    "node_modules/createjs": {
      "version": "1.0.1",
      "resolved": "https://registry.npmjs.org/createjs/-/createjs-1.0.1.tgz",
      "integrity": "sha512-VutFczgM8GNzOSiFKlYEwFRgZRMQkZt34ooaewKi7lzxuQ7JSsUs/Y1qb95G4CKOnHA/C/yghCJ6wfivuKOawA=="
    },
    "node_modules/createjs-cmd": {
      "version": "0.1.0",
      "resolved": "https://registry.npmjs.org/createjs-cmd/-/createjs-cmd-0.1.0.tgz",
      "integrity": "sha512-hMWEEdphR/pVHUHM2mqwNE7jcBx0dwlVRt12qmIfe/m9HqcQBElex8ykzKFHzTOWNWVoGFiCkofEhpmc//Rjsg=="
    },
    "node_modules/createjs-npm": {
      "version": "0.2.0",
      "resolved": "https://registry.npmjs.org/createjs-npm/-/createjs-npm-0.2.0.tgz",
      "integrity": "sha512-KGbyFkfwSv1D6pVm6d4qkABp2jc8gEBFLQeKg4aVm+yXOHUx9xIq8tERbkVNdjI+tvssD/rO6gG3lQsn9F7ZxQ=="
    },
    "node_modules/raw-loader": {
      "version": "0.5.1",
      "resolved": "https://registry.npmjs.org/raw-loader/-/raw-loader-0.5.1.tgz",
      "integrity": "sha512-sf7oGoLuaYAScB4VGr0tzetsYlS8EJH6qnTCfQ/WVEa89hALQ4RQfCKt5xCyPQKPDUbVUAIP1QsxAwfAjlDp7Q=="
    },
    "node_modules/script-loader": {
      "version": "0.7.2",
      "resolved": "https://registry.npmjs.org/script-loader/-/script-loader-0.7.2.tgz",
      "integrity": "sha512-UMNLEvgOAQuzK8ji8qIscM3GIrRCWN6MmMXGD4SD5l6cSycgGsCo0tX5xRnfQcoghqct0tjHjcykgI1PyBE2aA==",
      "dependencies": {
        "raw-loader": "~0.5.1"
      }
    },
    "node_modules/uview-ui": {
      "version": "2.0.33",
      "resolved": "https://registry.npmjs.org/uview-ui/-/uview-ui-2.0.33.tgz",
      "integrity": "sha512-M3NsLFAY0z95NGMnTCDUR/TvJb6a/UYZzi1km5Gi6TkBCaoHdbmtQymkc1C4eszeoQOrpEIhit/2V47UglzHRw==",
      "engines": {
        "HBuilderX": "^3.1.0"
      }
    },
    "node_modules/yuki-createjs": {
      "version": "0.0.3",
      "resolved": "https://registry.npmjs.org/yuki-createjs/-/yuki-createjs-0.0.3.tgz",
      "integrity": "sha512-ohoRm7Pl5D8qufLqK918/OVf9Y6AMoRVC71SY0lFDXdm5dE7AkzAddD26kS+7ech9ApYRjS9gcPIpiTvyEYkcw=="
    }
  },
  "dependencies": {
    "createjs": {
      "version": "1.0.1",
      "resolved": "https://registry.npmjs.org/createjs/-/createjs-1.0.1.tgz",
      "integrity": "sha512-VutFczgM8GNzOSiFKlYEwFRgZRMQkZt34ooaewKi7lzxuQ7JSsUs/Y1qb95G4CKOnHA/C/yghCJ6wfivuKOawA=="
    },
    "createjs-cmd": {
      "version": "0.1.0",
      "resolved": "https://registry.npmjs.org/createjs-cmd/-/createjs-cmd-0.1.0.tgz",
      "integrity": "sha512-hMWEEdphR/pVHUHM2mqwNE7jcBx0dwlVRt12qmIfe/m9HqcQBElex8ykzKFHzTOWNWVoGFiCkofEhpmc//Rjsg=="
    },
    "createjs-npm": {
      "version": "0.2.0",
      "resolved": "https://registry.npmjs.org/createjs-npm/-/createjs-npm-0.2.0.tgz",
      "integrity": "sha512-KGbyFkfwSv1D6pVm6d4qkABp2jc8gEBFLQeKg4aVm+yXOHUx9xIq8tERbkVNdjI+tvssD/rO6gG3lQsn9F7ZxQ=="
    },
    "raw-loader": {
      "version": "0.5.1",
      "resolved": "https://registry.npmjs.org/raw-loader/-/raw-loader-0.5.1.tgz",
      "integrity": "sha512-sf7oGoLuaYAScB4VGr0tzetsYlS8EJH6qnTCfQ/WVEa89hALQ4RQfCKt5xCyPQKPDUbVUAIP1QsxAwfAjlDp7Q=="
    },
    "script-loader": {
      "version": "0.7.2",
      "resolved": "https://registry.npmjs.org/script-loader/-/script-loader-0.7.2.tgz",
      "integrity": "sha512-UMNLEvgOAQuzK8ji8qIscM3GIrRCWN6MmMXGD4SD5l6cSycgGsCo0tX5xRnfQcoghqct0tjHjcykgI1PyBE2aA==",
      "requires": {
        "raw-loader": "~0.5.1"
      }
    },
    "uview-ui": {
      "version": "2.0.33",
      "resolved": "https://registry.npmjs.org/uview-ui/-/uview-ui-2.0.33.tgz",
      "integrity": "sha512-M3NsLFAY0z95NGMnTCDUR/TvJb6a/UYZzi1km5Gi6TkBCaoHdbmtQymkc1C4eszeoQOrpEIhit/2V47UglzHRw=="
    },
    "yuki-createjs": {
      "version": "0.0.3",
      "resolved": "https://registry.npmjs.org/yuki-createjs/-/yuki-createjs-0.0.3.tgz",
      "integrity": "sha512-ohoRm7Pl5D8qufLqK918/OVf9Y6AMoRVC71SY0lFDXdm5dE7AkzAddD26kS+7ech9ApYRjS9gcPIpiTvyEYkcw=="
    }
  }
}
